
Microsoft Visual Studio Solution File, Format Version 12.00
# Visual Studio Version 17
VisualStudioVersion = 17.5.33414.496
MinimumVisualStudioVersion = 10.0.40219.1
Project("{FAE04EC0-301F-11D3-BF4B-00C04F79EFBC}") = "CaseManagerApp", "CaseManagerApp\CaseManagerApp.csproj", "{E8BACFF0-CC5D-4C11-A2F0-F1BB563366B0}"
EndProject
Global
	GlobalSection(SolutionConfigurationPlatforms) = preSolution
		Debug|Any CPU = Debug|Any CPU
		Release|Any CPU = Release|Any CPU
	EndGlobalSection
	GlobalSection(ProjectConfigurationPlatforms) = postSolution
		{E8BACFF0-CC5D-4C11-A2F0-F1BB563366B0}.Debug|Any CPU.ActiveCfg = Debug|Any CPU
		{E8BACFF0-CC5D-4C11-A2F0-F1BB563366B0}.Debug|Any CPU.Build.0 = Debug|Any CPU
		{E8BACFF0-CC5D-4C11-A2F0-F1BB563366B0}.Release|Any CPU.ActiveCfg = Release|Any CPU
		{E8BACFF0-CC5D-4C11-A2F0-F1BB563366B0}.Release|Any CPU.Build.0 = Release|Any CPU
	EndGlobalSection
	GlobalSection(SolutionProperties) = preSolution
		HideSolutionNode = FALSE
	EndGlobalSection
	GlobalSection(ExtensibilityGlobals) = postSolution
		SolutionGuid = {64F95482-10AC-41FD-A45A-BD4F55527793}
	EndGlobalSection
EndGlobal
